
Microsoft Visual Studio Solution File, Format Version 12.00
# Visual Studio Version 17
VisualStudioVersion = 17.1.32421.90
MinimumVisualStudioVersion = 10.0.40219.1
Project("{FAE04EC0-301F-11D3-BF4B-00C04F79EFBC}") = "FOrm", "FOrm.csproj", "{9495B13A-C763-4913-B389-B039C6F3965D}"
EndProject
Global
	GlobalSection(SolutionConfigurationPlatforms) = preSolution
		Debug|Any CPU = Debug|Any CPU
		Release|Any CPU = Release|Any CPU
	EndGlobalSection
	GlobalSection(ProjectConfigurationPlatforms) = postSolution
		{9495B13A-C763-4913-B389-B039C6F3965D}.Debug|Any CPU.ActiveCfg = Debug|Any CPU
		{9495B13A-C763-4913-B389-B039C6F3965D}.Debug|Any CPU.Build.0 = Debug|Any CPU
		{9495B13A-C763-4913-B389-B039C6F3965D}.Release|Any CPU.ActiveCfg = Release|Any CPU
		{9495B13A-C763-4913-B389-B039C6F3965D}.Release|Any CPU.Build.0 = Release|Any CPU
	EndGlobalSection
	GlobalSection(SolutionProperties) = preSolution
		HideSolutionNode = FALSE
	EndGlobalSection
	GlobalSection(ExtensibilityGlobals) = postSolution
		SolutionGuid = {44AD7E52-6344-4462-B9B9-9B328CA8ABFC}
	EndGlobalSection
EndGlobal
